
Microsoft Visual Studio Solution File, Format Version 12.00
# Visual Studio Version 17
VisualStudioVersion = 17.11.35327.3
MinimumVisualStudioVersion = 10.0.40219.1
Project("{FAE04EC0-301F-11D3-BF4B-00C04F79EFBC}") = "TiendaApp", "TiendaApp\TiendaApp.csproj", "{2B934086-F944-4FE7-8915-D6F9DAC4E9E0}"
EndProject
Project("{FAE04EC0-301F-11D3-BF4B-00C04F79EFBC}") = "CapaModelo", "CapaModelo\CapaModelo.csproj", "{310CE990-AEB6-4CEF-B86B-9DEB257787E1}"
EndProject
Project("{FAE04EC0-301F-11D3-BF4B-00C04F79EFBC}") = "CapaDatos", "CapaDatos\CapaDatos.csproj", "{8D25FE65-AEBD-411D-B67A-FBDB715EDF5D}"
EndProject
Global
	GlobalSection(SolutionConfigurationPlatforms) = preSolution
		Debug|Any CPU = Debug|Any CPU
		Release|Any CPU = Release|Any CPU
	EndGlobalSection
	GlobalSection(ProjectConfigurationPlatforms) = postSolution
		{2B934086-F944-4FE7-8915-D6F9DAC4E9E0}.Debug|Any CPU.ActiveCfg = Debug|Any CPU
		{2B934086-F944-4FE7-8915-D6F9DAC4E9E0}.Debug|Any CPU.Build.0 = Debug|Any CPU
		{2B934086-F944-4FE7-8915-D6F9DAC4E9E0}.Release|Any CPU.ActiveCfg = Release|Any CPU
		{2B934086-F944-4FE7-8915-D6F9DAC4E9E0}.Release|Any CPU.Build.0 = Release|Any CPU
		{310CE990-AEB6-4CEF-B86B-9DEB257787E1}.Debug|Any CPU.ActiveCfg = Debug|Any CPU
		{310CE990-AEB6-4CEF-B86B-9DEB257787E1}.Debug|Any CPU.Build.0 = Debug|Any CPU
		{310CE990-AEB6-4CEF-B86B-9DEB257787E1}.Release|Any CPU.ActiveCfg = Release|Any CPU
		{310CE990-AEB6-4CEF-B86B-9DEB257787E1}.Release|Any CPU.Build.0 = Release|Any CPU
		{8D25FE65-AEBD-411D-B67A-FBDB715EDF5D}.Debug|Any CPU.ActiveCfg = Debug|Any CPU
		{8D25FE65-AEBD-411D-B67A-FBDB715EDF5D}.Debug|Any CPU.Build.0 = Debug|Any CPU
		{8D25FE65-AEBD-411D-B67A-FBDB715EDF5D}.Release|Any CPU.ActiveCfg = Release|Any CPU
		{8D25FE65-AEBD-411D-B67A-FBDB715EDF5D}.Release|Any CPU.Build.0 = Release|Any CPU
	EndGlobalSection
	GlobalSection(SolutionProperties) = preSolution
		HideSolutionNode = FALSE
	EndGlobalSection
	GlobalSection(ExtensibilityGlobals) = postSolution
		SolutionGuid = {CB5B5775-E5AC-4480-B7CC-F6ED7DEE2075}
	EndGlobalSection
EndGlobal
